
Microsoft Visual Studio Solution File, Format Version 12.00
# Visual Studio Version 16
VisualStudioVersion = 16.0.31402.337
MinimumVisualStudioVersion = 10.0.40219.1
Project("{9A19103F-16F7-4668-BE54-9A1E7A4F7556}") = "AppWebApi", "AppWebApi\AppWebApi.csproj", "{1ED43C7D-C168-41FE-B1FE-2D5F5178A494}"
EndProject
Project("{FAE04EC0-301F-11D3-BF4B-00C04F79EFBC}") = "AppStarbucks.UWP", "AppStarbucks\AppStarbucks.UWP\AppStarbucks.UWP.csproj", "{34520B30-A480-47E9-8C20-18AE868EF3C3}"
EndProject
Project("{FAE04EC0-301F-11D3-BF4B-00C04F79EFBC}") = "AppStarbucks.Android", "AppStarbucks\AppStarbucks.Android\AppStarbucks.Android.csproj", "{B5B385B7-563B-4253-904A-60F62452E4C8}"
EndProject
Project("{FAE04EC0-301F-11D3-BF4B-00C04F79EFBC}") = "AppStarbucks.iOS", "AppStarbucks\AppStarbucks.iOS\AppStarbucks.iOS.csproj", "{8845153C-EACF-4AF0-9922-A9F803423ECE}"
EndProject
Project("{FAE04EC0-301F-11D3-BF4B-00C04F79EFBC}") = "AppStarbucks", "AppStarbucks\AppStarbucks\AppStarbucks.csproj", "{06727A0B-E663-4DB4-96ED-0ADA4A8FF81E}"
EndProject
Global
	GlobalSection(SolutionConfigurationPlatforms) = preSolution
		Debug|Any CPU = Debug|Any CPU
		Debug|ARM = Debug|ARM
		Debug|iPhone = Debug|iPhone
		Debug|iPhoneSimulator = Debug|iPhoneSimulator
		Debug|x64 = Debug|x64
		Debug|x86 = Debug|x86
		Release|Any CPU = Release|Any CPU
		Release|ARM = Release|ARM
		Release|iPhone = Release|iPhone
		Release|iPhoneSimulator = Release|iPhoneSimulator
		Release|x64 = Release|x64
		Release|x86 = Release|x86
	EndGlobalSection
	GlobalSection(ProjectConfigurationPlatforms) = postSolution
		{1ED43C7D-C168-41FE-B1FE-2D5F5178A494}.Debug|Any CPU.ActiveCfg = Debug|Any CPU
		{1ED43C7D-C168-41FE-B1FE-2D5F5178A494}.Debug|Any CPU.Build.0 = Debug|Any CPU
		{1ED43C7D-C168-41FE-B1FE-2D5F5178A494}.Debug|ARM.ActiveCfg = Debug|Any CPU
		{1ED43C7D-C168-41FE-B1FE-2D5F5178A494}.Debug|ARM.Build.0 = Debug|Any CPU
		{1ED43C7D-C168-41FE-B1FE-2D5F5178A494}.Debug|iPhone.ActiveCfg = Debug|Any CPU
		{1ED43C7D-C168-41FE-B1FE-2D5F5178A494}.Debug|iPhone.Build.0 = Debug|Any CPU
		{1ED43C7D-C168-41FE-B1FE-2D5F5178A494}.Debug|iPhoneSimulator.ActiveCfg = Debug|Any CPU
		{1ED43C7D-C168-41FE-B1FE-2D5F5178A494}.Debug|iPhoneSimulator.Build.0 = Debug|Any CPU
		{1ED43C7D-C168-41FE-B1FE-2D5F5178A494}.Debug|x64.ActiveCfg = Debug|Any CPU
		{1ED43C7D-C168-41FE-B1FE-2D5F5178A494}.Debug|x64.Build.0 = Debug|Any CPU
		{1ED43C7D-C168-41FE-B1FE-2D5F5178A494}.Debug|x86.ActiveCfg = Debug|Any CPU
		{1ED43C7D-C168-41FE-B1FE-2D5F5178A494}.Debug|x86.Build.0 = Debug|Any CPU
		{1ED43C7D-C168-41FE-B1FE-2D5F5178A494}.Release|Any CPU.ActiveCfg = Release|Any CPU
		{1ED43C7D-C168-41FE-B1FE-2D5F5178A494}.Release|Any CPU.Build.0 = Release|Any CPU
		{1ED43C7D-C168-41FE-B1FE-2D5F5178A494}.Release|ARM.ActiveCfg = Release|Any CPU
		{1ED43C7D-C168-41FE-B1FE-2D5F5178A494}.Release|ARM.Build.0 = Release|Any CPU
		{1ED43C7D-C168-41FE-B1FE-2D5F5178A494}.Release|iPhone.ActiveCfg = Release|Any CPU
		{1ED43C7D-C168-41FE-B1FE-2D5F5178A494}.Release|iPhone.Build.0 = Release|Any CPU
		{1ED43C7D-C168-41FE-B1FE-2D5F5178A494}.Release|iPhoneSimulator.ActiveCfg = Release|Any CPU
		{1ED43C7D-C168-41FE-B1FE-2D5F5178A494}.Release|iPhoneSimulator.Build.0 = Release|Any CPU
		{1ED43C7D-C168-41FE-B1FE-2D5F5178A494}.Release|x64.ActiveCfg = Release|Any CPU
		{1ED43C7D-C168-41FE-B1FE-2D5F5178A494}.Release|x64.Build.0 = Release|Any CPU
		{1ED43C7D-C168-41FE-B1FE-2D5F5178A494}.Release|x86.ActiveCfg = Release|Any CPU
		{1ED43C7D-C168-41FE-B1FE-2D5F5178A494}.Release|x86.Build.0 = Release|Any CPU
		{34520B30-A480-47E9-8C20-18AE868EF3C3}.Debug|Any CPU.ActiveCfg = Debug|x86
		{34520B30-A480-47E9-8C20-18AE868EF3C3}.Debug|ARM.ActiveCfg = Debug|ARM
		{34520B30-A480-47E9-8C20-18AE868EF3C3}.Debug|ARM.Build.0 = Debug|ARM
		{34520B30-A480-47E9-8C20-18AE868EF3C3}.Debug|ARM.Deploy.0 = Debug|ARM
		{34520B30-A480-47E9-8C20-18AE868EF3C3}.Debug|iPhone.ActiveCfg = Debug|x86
		{34520B30-A480-47E9-8C20-18AE868EF3C3}.Debug|iPhoneSimulator.ActiveCfg = Debug|x86
		{34520B30-A480-47E9-8C20-18AE868EF3C3}.Debug|x64.ActiveCfg = Debug|x64
		{34520B30-A480-47E9-8C20-18AE868EF3C3}.Debug|x64.Build.0 = Debug|x64
		{34520B30-A480-47E9-8C20-18AE868EF3C3}.Debug|x64.Deploy.0 = Debug|x64
		{34520B30-A480-47E9-8C20-18AE868EF3C3}.Debug|x86.ActiveCfg = Debug|x86
		{34520B30-A480-47E9-8C20-18AE868EF3C3}.Debug|x86.Build.0 = Debug|x86
		{34520B30-A480-47E9-8C20-18AE868EF3C3}.Debug|x86.Deploy.0 = Debug|x86
		{34520B30-A480-47E9-8C20-18AE868EF3C3}.Release|Any CPU.ActiveCfg = Release|x86
		{34520B30-A480-47E9-8C20-18AE868EF3C3}.Release|ARM.ActiveCfg = Release|ARM
		{34520B30-A480-47E9-8C20-18AE868EF3C3}.Release|ARM.Build.0 = Release|ARM
		{34520B30-A480-47E9-8C20-18AE868EF3C3}.Release|ARM.Deploy.0 = Release|ARM
		{34520B30-A480-47E9-8C20-18AE868EF3C3}.Release|iPhone.ActiveCfg = Release|x86
		{34520B30-A480-47E9-8C20-18AE868EF3C3}.Release|iPhoneSimulator.ActiveCfg = Release|x86
		{34520B30-A480-47E9-8C20-18AE868EF3C3}.Release|x64.ActiveCfg = Release|x64
		{34520B30-A480-47E9-8C20-18AE868EF3C3}.Release|x64.Build.0 = Release|x64
		{34520B30-A480-47E9-8C20-18AE868EF3C3}.Release|x64.Deploy.0 = Release|x64
		{34520B30-A480-47E9-8C20-18AE868EF3C3}.Release|x86.ActiveCfg = Release|x86
		{34520B30-A480-47E9-8C20-18AE868EF3C3}.Release|x86.Build.0 = Release|x86
		{34520B30-A480-47E9-8C20-18AE868EF3C3}.Release|x86.Deploy.0 = Release|x86
		{B5B385B7-563B-4253-904A-60F62452E4C8}.Debug|Any CPU.ActiveCfg = Debug|Any CPU
		{B5B385B7-563B-4253-904A-60F62452E4C8}.Debug|Any CPU.Build.0 = Debug|Any CPU
		{B5B385B7-563B-4253-904A-60F62452E4C8}.Debug|Any CPU.Deploy.0 = Debug|Any CPU
		{B5B385B7-563B-4253-904A-60F62452E4C8}.Debug|ARM.ActiveCfg = Debug|Any CPU
		{B5B385B7-563B-4253-904A-60F62452E4C8}.Debug|ARM.Build.0 = Debug|Any CPU
		{B5B385B7-563B-4253-904A-60F62452E4C8}.Debug|ARM.Deploy.0 = Debug|Any CPU
		{B5B385B7-563B-4253-904A-60F62452E4C8}.Debug|iPhone.ActiveCfg = Debug|Any CPU
		{B5B385B7-563B-4253-904A-60F62452E4C8}.Debug|iPhone.Build.0 = Debug|Any CPU
		{B5B385B7-563B-4253-904A-60F62452E4C8}.Debug|iPhone.Deploy.0 = Debug|Any CPU
		{B5B385B7-563B-4253-904A-60F62452E4C8}.Debug|iPhoneSimulator.ActiveCfg = Debug|Any CPU
		{B5B385B7-563B-4253-904A-60F62452E4C8}.Debug|iPhoneSimulator.Build.0 = Debug|Any CPU
		{B5B385B7-563B-4253-904A-60F62452E4C8}.Debug|iPhoneSimulator.Deploy.0 = Debug|Any CPU
		{B5B385B7-563B-4253-904A-60F62452E4C8}.Debug|x64.ActiveCfg = Debug|Any CPU
		{B5B385B7-563B-4253-904A-60F62452E4C8}.Debug|x64.Build.0 = Debug|Any CPU
		{B5B385B7-563B-4253-904A-60F62452E4C8}.Debug|x64.Deploy.0 = Debug|Any CPU
		{B5B385B7-563B-4253-904A-60F62452E4C8}.Debug|x86.ActiveCfg = Debug|Any CPU
		{B5B385B7-563B-4253-904A-60F62452E4C8}.Debug|x86.Build.0 = Debug|Any CPU
		{B5B385B7-563B-4253-904A-60F62452E4C8}.Debug|x86.Deploy.0 = Debug|Any CPU
		{B5B385B7-563B-4253-904A-60F62452E4C8}.Release|Any CPU.ActiveCfg = Release|Any CPU
		{B5B385B7-563B-4253-904A-60F62452E4C8}.Release|Any CPU.Build.0 = Release|Any CPU
		{B5B385B7-563B-4253-904A-60F62452E4C8}.Release|Any CPU.Deploy.0 = Release|Any CPU
		{B5B385B7-563B-4253-904A-60F62452E4C8}.Release|ARM.ActiveCfg = Release|Any CPU
		{B5B385B7-563B-4253-904A-60F62452E4C8}.Release|ARM.Build.0 = Release|Any CPU
		{B5B385B7-563B-4253-904A-60F62452E4C8}.Release|ARM.Deploy.0 = Release|Any CPU
		{B5B385B7-563B-4253-904A-60F62452E4C8}.Release|iPhone.ActiveCfg = Release|Any CPU
		{B5B385B7-563B-4253-904A-60F62452E4C8}.Release|iPhone.Build.0 = Release|Any CPU
		{B5B385B7-563B-4253-904A-60F62452E4C8}.Release|iPhone.Deploy.0 = Release|Any CPU
		{B5B385B7-563B-4253-904A-60F62452E4C8}.Release|iPhoneSimulator.ActiveCfg = Release|Any CPU
		{B5B385B7-563B-4253-904A-60F62452E4C8}.Release|iPhoneSimulator.Build.0 = Release|Any CPU
		{B5B385B7-563B-4253-904A-60F62452E4C8}.Release|iPhoneSimulator.Deploy.0 = Release|Any CPU
		{B5B385B7-563B-4253-904A-60F62452E4C8}.Release|x64.ActiveCfg = Release|Any CPU
		{B5B385B7-563B-4253-904A-60F62452E4C8}.Release|x64.Build.0 = Release|Any CPU
		{B5B385B7-563B-4253-904A-60F62452E4C8}.Release|x64.Deploy.0 = Release|Any CPU
		{B5B385B7-563B-4253-904A-60F62452E4C8}.Release|x86.ActiveCfg = Release|Any CPU
		{B5B385B7-563B-4253-904A-60F62452E4C8}.Release|x86.Build.0 = Release|Any CPU
		{B5B385B7-563B-4253-904A-60F62452E4C8}.Release|x86.Deploy.0 = Release|Any CPU
		{8845153C-EACF-4AF0-9922-A9F803423ECE}.Debug|Any CPU.ActiveCfg = Debug|iPhoneSimulator
		{8845153C-EACF-4AF0-9922-A9F803423ECE}.Debug|ARM.ActiveCfg = Debug|iPhoneSimulator
		{8845153C-EACF-4AF0-9922-A9F803423ECE}.Debug|iPhone.ActiveCfg = Debug|iPhone
		{8845153C-EACF-4AF0-9922-A9F803423ECE}.Debug|iPhone.Build.0 = Debug|iPhone
		{8845153C-EACF-4AF0-9922-A9F803423ECE}.Debug|iPhoneSimulator.ActiveCfg = Debug|iPhoneSimulator
		{8845153C-EACF-4AF0-9922-A9F803423ECE}.Debug|iPhoneSimulator.Build.0 = Debug|iPhoneSimulator
		{8845153C-EACF-4AF0-9922-A9F803423ECE}.Debug|x64.ActiveCfg = Debug|iPhoneSimulator
		{8845153C-EACF-4AF0-9922-A9F803423ECE}.Debug|x86.ActiveCfg = Debug|iPhoneSimulator
		{8845153C-EACF-4AF0-9922-A9F803423ECE}.Release|Any CPU.ActiveCfg = Release|iPhoneSimulator
		{8845153C-EACF-4AF0-9922-A9F803423ECE}.Release|ARM.ActiveCfg = Release|iPhoneSimulator
		{8845153C-EACF-4AF0-9922-A9F803423ECE}.Release|iPhone.ActiveCfg = Release|iPhone
		{8845153C-EACF-4AF0-9922-A9F803423ECE}.Release|iPhone.Build.0 = Release|iPhone
		{8845153C-EACF-4AF0-9922-A9F803423ECE}.Release|iPhoneSimulator.ActiveCfg = Release|iPhoneSimulator
		{8845153C-EACF-4AF0-9922-A9F803423ECE}.Release|iPhoneSimulator.Build.0 = Release|iPhoneSimulator
		{8845153C-EACF-4AF0-9922-A9F803423ECE}.Release|x64.ActiveCfg = Release|iPhoneSimulator
		{8845153C-EACF-4AF0-9922-A9F803423ECE}.Release|x86.ActiveCfg = Release|iPhoneSimulator
		{06727A0B-E663-4DB4-96ED-0ADA4A8FF81E}.Debug|Any CPU.ActiveCfg = Debug|Any CPU
		{06727A0B-E663-4DB4-96ED-0ADA4A8FF81E}.Debug|Any CPU.Build.0 = Debug|Any CPU
		{06727A0B-E663-4DB4-96ED-0ADA4A8FF81E}.Debug|ARM.ActiveCfg = Debug|Any CPU
		{06727A0B-E663-4DB4-96ED-0ADA4A8FF81E}.Debug|ARM.Build.0 = Debug|Any CPU
		{06727A0B-E663-4DB4-96ED-0ADA4A8FF81E}.Debug|iPhone.ActiveCfg = Debug|Any CPU
		{06727A0B-E663-4DB4-96ED-0ADA4A8FF81E}.Debug|iPhone.Build.0 = Debug|Any CPU
		{06727A0B-E663-4DB4-96ED-0ADA4A8FF81E}.Debug|iPhoneSimulator.ActiveCfg = Debug|Any CPU
		{06727A0B-E663-4DB4-96ED-0ADA4A8FF81E}.Debug|iPhoneSimulator.Build.0 = Debug|Any CPU
		{06727A0B-E663-4DB4-96ED-0ADA4A8FF81E}.Debug|x64.ActiveCfg = Debug|Any CPU
		{06727A0B-E663-4DB4-96ED-0ADA4A8FF81E}.Debug|x64.Build.0 = Debug|Any CPU
		{06727A0B-E663-4DB4-96ED-0ADA4A8FF81E}.Debug|x86.ActiveCfg = Debug|Any CPU
		{06727A0B-E663-4DB4-96ED-0ADA4A8FF81E}.Debug|x86.Build.0 = Debug|Any CPU
		{06727A0B-E663-4DB4-96ED-0ADA4A8FF81E}.Release|Any CPU.ActiveCfg = Release|Any CPU
		{06727A0B-E663-4DB4-96ED-0ADA4A8FF81E}.Release|Any CPU.Build.0 = Release|Any CPU
		{06727A0B-E663-4DB4-96ED-0ADA4A8FF81E}.Release|ARM.ActiveCfg = Release|Any CPU
		{06727A0B-E663-4DB4-96ED-0ADA4A8FF81E}.Release|ARM.Build.0 = Release|Any CPU
		{06727A0B-E663-4DB4-96ED-0ADA4A8FF81E}.Release|iPhone.ActiveCfg = Release|Any CPU
		{06727A0B-E663-4DB4-96ED-0ADA4A8FF81E}.Release|iPhone.Build.0 = Release|Any CPU
		{06727A0B-E663-4DB4-96ED-0ADA4A8FF81E}.Release|iPhoneSimulator.ActiveCfg = Release|Any CPU
		{06727A0B-E663-4DB4-96ED-0ADA4A8FF81E}.Release|iPhoneSimulator.Build.0 = Release|Any CPU
		{06727A0B-E663-4DB4-96ED-0ADA4A8FF81E}.Release|x64.ActiveCfg = Release|Any CPU
		{06727A0B-E663-4DB4-96ED-0ADA4A8FF81E}.Release|x64.Build.0 = Release|Any CPU
		{06727A0B-E663-4DB4-96ED-0ADA4A8FF81E}.Release|x86.ActiveCfg = Release|Any CPU
		{06727A0B-E663-4DB4-96ED-0ADA4A8FF81E}.Release|x86.Build.0 = Release|Any CPU
	EndGlobalSection
	GlobalSection(SolutionProperties) = preSolution
		HideSolutionNode = FALSE
	EndGlobalSection
	GlobalSection(ExtensibilityGlobals) = postSolution
		SolutionGuid = {7399A3CE-AFC5-4950-8415-B138B0652701}
	EndGlobalSection
EndGlobal
